// !$*UTF8*$!
{
	archiveVersion = 1;
	classes = {
	};
	objectVersion = 50;
	objects = {

/* Begin PBXBuildFile section */
		9A11D5D42474688900F1A86B /* InsumoRow.swift in Sources */ = {isa = PBXBuildFile; fileRef = 9A11D5D32474688900F1A86B /* InsumoRow.swift */; };
		9A2DAAC72474A31C00A4BD3E /* Intento.swift in Sources */ = {isa = PBXBuildFile; fileRef = 9A2DAAC62474A31C00A4BD3E /* Intento.swift */; };
		9A2DAAC92474AD0600A4BD3E /* CircleImage.swift in Sources */ = {isa = PBXBuildFile; fileRef = 9A2DAAC82474AD0600A4BD3E /* CircleImage.swift */; };
		9A31C7A924745BAD00502FE9 /* URLImage.swift in Sources */ = {isa = PBXBuildFile; fileRef = 9A31C7A824745BAD00502FE9 /* URLImage.swift */; };
		9A31C7AB24745DD100502FE9 /* ImageLoader.swift in Sources */ = {isa = PBXBuildFile; fileRef = 9A31C7AA24745DD100502FE9 /* ImageLoader.swift */; };
		9A4B8CED246C34C8001FFC8E /* Lugar.swift in Sources */ = {isa = PBXBuildFile; fileRef = 9A4B8CEC246C34C8001FFC8E /* Lugar.swift */; };
		9A907874246B3FAB005FF04C /* AppDelegate.swift in Sources */ = {isa = PBXBuildFile; fileRef = 9A907873246B3FAB005FF04C /* AppDelegate.swift */; };
		9A907876246B3FAB005FF04C /* SceneDelegate.swift in Sources */ = {isa = PBXBuildFile; fileRef = 9A907875246B3FAB005FF04C /* SceneDelegate.swift */; };
		9A907878246B3FAB005FF04C /* ViewController.swift in Sources */ = {isa = PBXBuildFile; fileRef = 9A907877246B3FAB005FF04C /* ViewController.swift */; };
		9A90787B246B3FAB005FF04C /* Main.storyboard in Resources */ = {isa = PBXBuildFile; fileRef = 9A907879246B3FAB005FF04C /* Main.storyboard */; };
		9A90787D246B3FAE005FF04C /* Assets.xcassets in Resources */ = {isa = PBXBuildFile; fileRef = 9A90787C246B3FAE005FF04C /* Assets.xcassets */; };
		9A907880246B3FAE005FF04C /* LaunchScreen.storyboard in Resources */ = {isa = PBXBuildFile; fileRef = 9A90787E246B3FAE005FF04C /* LaunchScreen.storyboard */; };
		9A907888246B4186005FF04C /* InsumosGeneralView.swift in Sources */ = {isa = PBXBuildFile; fileRef = 9A907887246B4186005FF04C /* InsumosGeneralView.swift */; };
		9A90788C246B4233005FF04C /* Insumo.swift in Sources */ = {isa = PBXBuildFile; fileRef = 9A90788B246B4233005FF04C /* Insumo.swift */; };
		9A90788F246B474A005FF04C /* NetworkingManager.swift in Sources */ = {isa = PBXBuildFile; fileRef = 9A90788E246B474A005FF04C /* NetworkingManager.swift */; };
		9A907891246B756A005FF04C /* InsumoDetailView.swift in Sources */ = {isa = PBXBuildFile; fileRef = 9A907890246B756A005FF04C /* InsumoDetailView.swift */; };
/* End PBXBuildFile section */

/* Begin PBXFileReference section */
		9A11D5D32474688900F1A86B /* InsumoRow.swift */ = {isa = PBXFileReference; lastKnownFileType = sourcecode.swift; path = InsumoRow.swift; sourceTree = "<group>"; };
		9A2DAAC62474A31C00A4BD3E /* Intento.swift */ = {isa = PBXFileReference; lastKnownFileType = sourcecode.swift; path = Intento.swift; sourceTree = "<group>"; };
		9A2DAAC82474AD0600A4BD3E /* CircleImage.swift */ = {isa = PBXFileReference; lastKnownFileType = sourcecode.swift; path = CircleImage.swift; sourceTree = "<group>"; };
		9A31C7A824745BAD00502FE9 /* URLImage.swift */ = {isa = PBXFileReference; lastKnownFileType = sourcecode.swift; path = URLImage.swift; sourceTree = "<group>"; };
		9A31C7AA24745DD100502FE9 /* ImageLoader.swift */ = {isa = PBXFileReference; lastKnownFileType = sourcecode.swift; path = ImageLoader.swift; sourceTree = "<group>"; };
		9A4B8CEC246C34C8001FFC8E /* Lugar.swift */ = {isa = PBXFileReference; lastKnownFileType = sourcecode.swift; path = Lugar.swift; sourceTree = "<group>"; };
		9A907870246B3FAB005FF04C /* CalculaVirus.app */ = {isa = PBXFileReference; explicitFileType = wrapper.application; includeInIndex = 0; path = CalculaVirus.app; sourceTree = BUILT_PRODUCTS_DIR; };
		9A907873246B3FAB005FF04C /* AppDelegate.swift */ = {isa = PBXFileReference; lastKnownFileType = sourcecode.swift; path = AppDelegate.swift; sourceTree = "<group>"; };
		9A907875246B3FAB005FF04C /* SceneDelegate.swift */ = {isa = PBXFileReference; lastKnownFileType = sourcecode.swift; path = SceneDelegate.swift; sourceTree = "<group>"; };
		9A907877246B3FAB005FF04C /* ViewController.swift */ = {isa = PBXFileReference; lastKnownFileType = sourcecode.swift; path = ViewController.swift; sourceTree = "<group>"; };
		9A90787A246B3FAB005FF04C /* Base */ = {isa = PBXFileReference; lastKnownFileType = file.storyboard; name = Base; path = Base.lproj/Main.storyboard; sourceTree = "<group>"; };
		9A90787C246B3FAE005FF04C /* Assets.xcassets */ = {isa = PBXFileReference; lastKnownFileType = folder.assetcatalog; path = Assets.xcassets; sourceTree = "<group>"; };
		9A90787F246B3FAE005FF04C /* Base */ = {isa = PBXFileReference; lastKnownFileType = file.storyboard; name = Base; path = Base.lproj/LaunchScreen.storyboard; sourceTree = "<group>"; };
		9A907881246B3FAE005FF04C /* Info.plist */ = {isa = PBXFileReference; lastKnownFileType = text.plist.xml; path = Info.plist; sourceTree = "<group>"; };
		9A907887246B4186005FF04C /* InsumosGeneralView.swift */ = {isa = PBXFileReference; lastKnownFileType = sourcecode.swift; path = InsumosGeneralView.swift; sourceTree = "<group>"; };
		9A90788B246B4233005FF04C /* Insumo.swift */ = {isa = PBXFileReference; lastKnownFileType = sourcecode.swift; path = Insumo.swift; sourceTree = "<group>"; };
		9A90788E246B474A005FF04C /* NetworkingManager.swift */ = {isa = PBXFileReference; lastKnownFileType = sourcecode.swift; path = NetworkingManager.swift; sourceTree = "<group>"; };
		9A907890246B756A005FF04C /* InsumoDetailView.swift */ = {isa = PBXFileReference; lastKnownFileType = sourcecode.swift; path = InsumoDetailView.swift; sourceTree = "<group>"; };
/* End PBXFileReference section */

/* Begin PBXFrameworksBuildPhase section */
		9A90786D246B3FAB005FF04C /* Frameworks */ = {
			isa = PBXFrameworksBuildPhase;
			buildActionMask = 2147483647;
			files = (
			);
			runOnlyForDeploymentPostprocessing = 0;
		};
/* End PBXFrameworksBuildPhase section */

/* Begin PBXGroup section */
		9A4B8CE8246C2BBA001FFC8E /* UI */ = {
			isa = PBXGroup;
			children = (
				9A4B8CEB246C34A3001FFC8E /* Lugares */,
				9A4B8CEA246C3496001FFC8E /* Insummos */,
			);
			path = UI;
			sourceTree = "<group>";
		};
		9A4B8CEA246C3496001FFC8E /* Insummos */ = {
			isa = PBXGroup;
			children = (
				9A907887246B4186005FF04C /* InsumosGeneralView.swift */,
				9A907890246B756A005FF04C /* InsumoDetailView.swift */,
				9A2DAAC82474AD0600A4BD3E /* CircleImage.swift */,
				9A11D5D32474688900F1A86B /* InsumoRow.swift */,
				9A2DAAC62474A31C00A4BD3E /* Intento.swift */,
			);
			path = Insummos;
			sourceTree = "<group>";
		};
		9A4B8CEB246C34A3001FFC8E /* Lugares */ = {
			isa = PBXGroup;
			children = (
			);
			path = Lugares;
			sourceTree = "<group>";
		};
		9A907867246B3FAB005FF04C = {
			isa = PBXGroup;
			children = (
				9A907872246B3FAB005FF04C /* CalculaVirus */,
				9A907871246B3FAB005FF04C /* Products */,
			);
			sourceTree = "<group>";
		};
		9A907871246B3FAB005FF04C /* Products */ = {
			isa = PBXGroup;
			children = (
				9A907870246B3FAB005FF04C /* CalculaVirus.app */,
			);
			name = Products;
			sourceTree = "<group>";
		};
		9A907872246B3FAB005FF04C /* CalculaVirus */ = {
			isa = PBXGroup;
			children = (
				9A4B8CE8246C2BBA001FFC8E /* UI */,
				9A907873246B3FAB005FF04C /* AppDelegate.swift */,
				9A907875246B3FAB005FF04C /* SceneDelegate.swift */,
				9A907877246B3FAB005FF04C /* ViewController.swift */,
				9A907879246B3FAB005FF04C /* Main.storyboard */,
				9A90787C246B3FAE005FF04C /* Assets.xcassets */,
				9A90787E246B3FAE005FF04C /* LaunchScreen.storyboard */,
				9A907881246B3FAE005FF04C /* Info.plist */,
				9A907889246B4208005FF04C /* Models */,
			);
			path = CalculaVirus;
			sourceTree = "<group>";
		};
		9A907889246B4208005FF04C /* Models */ = {
			isa = PBXGroup;
			children = (
				9A90788D246B472B005FF04C /* Networking Manager */,
				9A90788A246B421B005FF04C /* Entities */,
			);
			path = Models;
			sourceTree = "<group>";
		};
		9A90788A246B421B005FF04C /* Entities */ = {
			isa = PBXGroup;
			children = (
				9A90788B246B4233005FF04C /* Insumo.swift */,
				9A4B8CEC246C34C8001FFC8E /* Lugar.swift */,
				9A31C7A824745BAD00502FE9 /* URLImage.swift */,
			);
			path = Entities;
			sourceTree = "<group>";
		};
		9A90788D246B472B005FF04C /* Networking Manager */ = {
			isa = PBXGroup;
			children = (
				9A90788E246B474A005FF04C /* NetworkingManager.swift */,
				9A31C7AA24745DD100502FE9 /* ImageLoader.swift */,
			);
			path = "Networking Manager";
			sourceTree = "<group>";
		};
/* End PBXGroup section */

/* Begin PBXNativeTarget section */
		9A90786F246B3FAB005FF04C /* CalculaVirus */ = {
			isa = PBXNativeTarget;
			buildConfigurationList = 9A907884246B3FAE005FF04C /* Build configuration list for PBXNativeTarget "CalculaVirus" */;
			buildPhases = (
				9A90786C246B3FAB005FF04C /* Sources */,
				9A90786D246B3FAB005FF04C /* Frameworks */,
				9A90786E246B3FAB005FF04C /* Resources */,
			);
			buildRules = (
			);
			dependencies = (
			);
			name = CalculaVirus;
			productName = CalculaVirus;
			productReference = 9A907870246B3FAB005FF04C /* CalculaVirus.app */;
			productType = "com.apple.product-type.application";
		};
/* End PBXNativeTarget section */

/* Begin PBXProject section */
		9A907868246B3FAB005FF04C /* Project object */ = {
			isa = PBXProject;
			attributes = {
				LastSwiftUpdateCheck = 1140;
				LastUpgradeCheck = 1140;
				ORGANIZATIONNAME = "Martin Helmut Dominguez Alvarez";
				TargetAttributes = {
					9A90786F246B3FAB005FF04C = {
						CreatedOnToolsVersion = 11.4.1;
					};
				};
			};
			buildConfigurationList = 9A90786B246B3FAB005FF04C /* Build configuration list for PBXProject "CalculaVirus" */;
			compatibilityVersion = "Xcode 9.3";
			developmentRegion = en;
			hasScannedForEncodings = 0;
			knownRegions = (
				en,
				Base,
			);
			mainGroup = 9A907867246B3FAB005FF04C;
			productRefGroup = 9A907871246B3FAB005FF04C /* Products */;
			projectDirPath = "";
			projectRoot = "";
			targets = (
				9A90786F246B3FAB005FF04C /* CalculaVirus */,
			);
		};
/* End PBXProject section */

/* Begin PBXResourcesBuildPhase section */
		9A90786E246B3FAB005FF04C /* Resources */ = {
			isa = PBXResourcesBuildPhase;
			buildActionMask = 2147483647;
			files = (
				9A907880246B3FAE005FF04C /* LaunchScreen.storyboard in Resources */,
				9A90787D246B3FAE005FF04C /* Assets.xcassets in Resources */,
				9A90787B246B3FAB005FF04C /* Main.storyboard in Resources */,
			);
			runOnlyForDeploymentPostprocessing = 0;
		};
/* End PBXResourcesBuildPhase section */

/* Begin PBXSourcesBuildPhase section */
		9A90786C246B3FAB005FF04C /* Sources */ = {
			isa = PBXSourcesBuildPhase;
			buildActionMask = 2147483647;
			files = (
				9A90788C246B4233005FF04C /* Insumo.swift in Sources */,
				9A31C7A924745BAD00502FE9 /* URLImage.swift in Sources */,
				9A31C7AB24745DD100502FE9 /* ImageLoader.swift in Sources */,
				9A2DAAC92474AD0600A4BD3E /* CircleImage.swift in Sources */,
				9A4B8CED246C34C8001FFC8E /* Lugar.swift in Sources */,
				9A907891246B756A005FF04C /* InsumoDetailView.swift in Sources */,
				9A907878246B3FAB005FF04C /* ViewController.swift in Sources */,
				9A907874246B3FAB005FF04C /* AppDelegate.swift in Sources */,
				9A90788F246B474A005FF04C /* NetworkingManager.swift in Sources */,
				9A907888246B4186005FF04C /* InsumosGeneralView.swift in Sources */,
				9A2DAAC72474A31C00A4BD3E /* Intento.swift in Sources */,
				9A11D5D42474688900F1A86B /* InsumoRow.swift in Sources */,
				9A907876246B3FAB005FF04C /* SceneDelegate.swift in Sources */,
			);
			runOnlyForDeploymentPostprocessing = 0;
		};
/* End PBXSourcesBuildPhase section */

/* Begin PBXVariantGroup section */
		9A907879246B3FAB005FF04C /* Main.storyboard */ = {
			isa = PBXVariantGroup;
			children = (
				9A90787A246B3FAB005FF04C /* Base */,
			);
			name = Main.storyboard;
			sourceTree = "<group>";
		};
		9A90787E246B3FAE005FF04C /* LaunchScreen.storyboard */ = {
			isa = PBXVariantGroup;
			children = (
				9A90787F246B3FAE005FF04C /* Base */,
			);
			name = LaunchScreen.storyboard;
			sourceTree = "<group>";
		};
/* End PBXVariantGroup section */

/* Begin XCBuildConfiguration section */
		9A907882246B3FAE005FF04C /* Debug */ = {
			isa = XCBuildConfiguration;
			buildSettings = {
				ALWAYS_SEARCH_USER_PATHS = NO;
				CLANG_ANALYZER_NONNULL = YES;
				CLANG_ANALYZER_NUMBER_OBJECT_CONVERSION = YES_AGGRESSIVE;
				CLANG_CXX_LANGUAGE_STANDARD = "gnu++14";
				CLANG_CXX_LIBRARY = "libc++";
				CLANG_ENABLE_MODULES = YES;
				CLANG_ENABLE_OBJC_ARC = YES;
				CLANG_ENABLE_OBJC_WEAK = YES;
				CLANG_WARN_BLOCK_CAPTURE_AUTORELEASING = YES;
				CLANG_WARN_BOOL_CONVERSION = YES;
				CLANG_WARN_COMMA = YES;
				CLANG_WARN_CONSTANT_CONVERSION = YES;
				CLANG_WARN_DEPRECATED_OBJC_IMPLEMENTATIONS = YES;
				CLANG_WARN_DIRECT_OBJC_ISA_USAGE = YES_ERROR;
				CLANG_WARN_DOCUMENTATION_COMMENTS = YES;
				CLANG_WARN_EMPTY_BODY = YES;
				CLANG_WARN_ENUM_CONVERSION = YES;
				CLANG_WARN_INFINITE_RECURSION = YES;
				CLANG_WARN_INT_CONVERSION = YES;
				CLANG_WARN_NON_LITERAL_NULL_CONVERSION = YES;
				CLANG_WARN_OBJC_IMPLICIT_RETAIN_SELF = YES;
				CLANG_WARN_OBJC_LITERAL_CONVERSION = YES;
				CLANG_WARN_OBJC_ROOT_CLASS = YES_ERROR;
				CLANG_WARN_RANGE_LOOP_ANALYSIS = YES;
				CLANG_WARN_STRICT_PROTOTYPES = YES;
				CLANG_WARN_SUSPICIOUS_MOVE = YES;
				CLANG_WARN_UNGUARDED_AVAILABILITY = YES_AGGRESSIVE;
				CLANG_WARN_UNREACHABLE_CODE = YES;
				CLANG_WARN__DUPLICATE_METHOD_MATCH = YES;
				COPY_PHASE_STRIP = NO;
				DEBUG_INFORMATION_FORMAT = dwarf;
				ENABLE_STRICT_OBJC_MSGSEND = YES;
				ENABLE_TESTABILITY = YES;
				GCC_C_LANGUAGE_STANDARD = gnu11;
				GCC_DYNAMIC_NO_PIC = NO;
				GCC_NO_COMMON_BLOCKS = YES;
				GCC_OPTIMIZATION_LEVEL = 0;
				GCC_PREPROCESSOR_DEFINITIONS = (
					"DEBUG=1",
					"$(inherited)",
				);
				GCC_WARN_64_TO_32_BIT_CONVERSION = YES;
				GCC_WARN_ABOUT_RETURN_TYPE = YES_ERROR;
				GCC_WARN_UNDECLARED_SELECTOR = YES;
				GCC_WARN_UNINITIALIZED_AUTOS = YES_AGGRESSIVE;
				GCC_WARN_UNUSED_FUNCTION = YES;
				GCC_WARN_UNUSED_VARIABLE = YES;
				IPHONEOS_DEPLOYMENT_TARGET = 13.4;
				MTL_ENABLE_DEBUG_INFO = INCLUDE_SOURCE;
				MTL_FAST_MATH = YES;
				ONLY_ACTIVE_ARCH = YES;
				SDKROOT = iphoneos;
				SWIFT_ACTIVE_COMPILATION_CONDITIONS = DEBUG;
				SWIFT_OPTIMIZATION_LEVEL = "-Onone";
			};
			name = Debug;
		};
		9A907883246B3FAE005FF04C /* Release */ = {
			isa = XCBuildConfiguration;
			buildSettings = {
				ALWAYS_SEARCH_USER_PATHS = NO;
				CLANG_ANALYZER_NONNULL = YES;
				CLANG_ANALYZER_NUMBER_OBJECT_CONVERSION = YES_AGGRESSIVE;
				CLANG_CXX_LANGUAGE_STANDARD = "gnu++14";
				CLANG_CXX_LIBRARY = "libc++";
				CLANG_ENABLE_MODULES = YES;
				CLANG_ENABLE_OBJC_ARC = YES;
				CLANG_ENABLE_OBJC_WEAK = YES;
				CLANG_WARN_BLOCK_CAPTURE_AUTORELEASING = YES;
				CLANG_WARN_BOOL_CONVERSION = YES;
				CLANG_WARN_COMMA = YES;
				CLANG_WARN_CONSTANT_CONVERSION = YES;
				CLANG_WARN_DEPRECATED_OBJC_IMPLEMENTATIONS = YES;
				CLANG_WARN_DIRECT_OBJC_ISA_USAGE = YES_ERROR;
				CLANG_WARN_DOCUMENTATION_COMMENTS = YES;
				CLANG_WARN_EMPTY_BODY = YES;
				CLANG_WARN_ENUM_CONVERSION = YES;
				CLANG_WARN_INFINITE_RECURSION = YES;
				CLANG_WARN_INT_CONVERSION = YES;
				CLANG_WARN_NON_LITERAL_NULL_CONVERSION = YES;
				CLANG_WARN_OBJC_IMPLICIT_RETAIN_SELF = YES;
				CLANG_WARN_OBJC_LITERAL_CONVERSION = YES;
				CLANG_WARN_OBJC_ROOT_CLASS = YES_ERROR;
				CLANG_WARN_RANGE_LOOP_ANALYSIS = YES;
				CLANG_WARN_STRICT_PROTOTYPES = YES;
				CLANG_WARN_SUSPICIOUS_MOVE = YES;
				CLANG_WARN_UNGUARDED_AVAILABILITY = YES_AGGRESSIVE;
				CLANG_WARN_UNREACHABLE_CODE = YES;
				CLANG_WARN__DUPLICATE_METHOD_MATCH = YES;
				COPY_PHASE_STRIP = NO;
				DEBUG_INFORMATION_FORMAT = "dwarf-with-dsym";
				ENABLE_NS_ASSERTIONS = NO;
				ENABLE_STRICT_OBJC_MSGSEND = YES;
				GCC_C_LANGUAGE_STANDARD = gnu11;
				GCC_NO_COMMON_BLOCKS = YES;
				GCC_WARN_64_TO_32_BIT_CONVERSION = YES;
				GCC_WARN_ABOUT_RETURN_TYPE = YES_ERROR;
				GCC_WARN_UNDECLARED_SELECTOR = YES;
				GCC_WARN_UNINITIALIZED_AUTOS = YES_AGGRESSIVE;
				GCC_WARN_UNUSED_FUNCTION = YES;
				GCC_WARN_UNUSED_VARIABLE = YES;
				IPHONEOS_DEPLOYMENT_TARGET = 13.4;
				MTL_ENABLE_DEBUG_INFO = NO;
				MTL_FAST_MATH = YES;
				SDKROOT = iphoneos;
				SWIFT_COMPILATION_MODE = wholemodule;
				SWIFT_OPTIMIZATION_LEVEL = "-O";
				VALIDATE_PRODUCT = YES;
			};
			name = Release;
		};
		9A907885246B3FAE005FF04C /* Debug */ = {
			isa = XCBuildConfiguration;
			buildSettings = {
				ASSETCATALOG_COMPILER_APPICON_NAME = AppIcon;
				CODE_SIGN_STYLE = Automatic;
				DEVELOPMENT_TEAM = Z9VN7P38D5;
				INFOPLIST_FILE = CalculaVirus/Info.plist;
				LD_RUNPATH_SEARCH_PATHS = (
					"$(inherited)",
					"@executable_path/Frameworks",
				);
				PRODUCT_BUNDLE_IDENTIFIER = com.AppsMoviles.CalculaVirus;
				PRODUCT_NAME = "$(TARGET_NAME)";
				SWIFT_VERSION = 5.0;
				TARGETED_DEVICE_FAMILY = "1,2";
			};
			name = Debug;
		};
		9A907886246B3FAE005FF04C /* Release */ = {
			isa = XCBuildConfiguration;
			buildSettings = {
				ASSETCATALOG_COMPILER_APPICON_NAME = AppIcon;
				CODE_SIGN_STYLE = Automatic;
				DEVELOPMENT_TEAM = Z9VN7P38D5;
				INFOPLIST_FILE = CalculaVirus/Info.plist;
				LD_RUNPATH_SEARCH_PATHS = (
					"$(inherited)",
					"@executable_path/Frameworks",
				);
				PRODUCT_BUNDLE_IDENTIFIER = com.AppsMoviles.CalculaVirus;
				PRODUCT_NAME = "$(TARGET_NAME)";
				SWIFT_VERSION = 5.0;
				TARGETED_DEVICE_FAMILY = "1,2";
			};
			name = Release;
		};
/* End XCBuildConfiguration section */

/* Begin XCConfigurationList section */
		9A90786B246B3FAB005FF04C /* Build configuration list for PBXProject "CalculaVirus" */ = {
			isa = XCConfigurationList;
			buildConfigurations = (
				9A907882246B3FAE005FF04C /* Debug */,
				9A907883246B3FAE005FF04C /* Release */,
			);
			defaultConfigurationIsVisible = 0;
			defaultConfigurationName = Release;
		};
		9A907884246B3FAE005FF04C /* Build configuration list for PBXNativeTarget "CalculaVirus" */ = {
			isa = XCConfigurationList;
			buildConfigurations = (
				9A907885246B3FAE005FF04C /* Debug */,
				9A907886246B3FAE005FF04C /* Release */,
			);
			defaultConfigurationIsVisible = 0;
			defaultConfigurationName = Release;
		};
/* End XCConfigurationList section */
	};
	rootObject = 9A907868246B3FAB005FF04C /* Project object */;
}
